{
  "name": "handwritten.js",
  "version": "15.6.1",
  "lockfileVersion": 1,
  "requires": true,
  "dependencies": {
    "@babel/runtime": {
      "version": "7.11.2",
      "resolved": "https://registry.npmjs.org/@babel/runtime/-/runtime-7.11.2.tgz",
      "integrity": "sha512-TeWkU52so0mPtDcaCTxNBI/IHiz0pZgr8VEFqXFtZWpYD08ZB6FaSwVAS8MKRQAP3bYKiVjwysOJgMFY28o6Tw==",
      "requires": {
        "regenerator-runtime": "^0.13.4"
      }
    },
    "@jimp/bmp": {
      "version": "0.16.0",
      "resolved": "https://registry.npmjs.org/@jimp/bmp/-/bmp-0.16.0.tgz",
      "integrity": "sha512-lc4Ecyys6mRpKHLjFefkS1irCeIBTCpDBjKvNkU/6cIeIMXrFhv290MDT0WCL4UNFjJC/oU2PPraq+M+RkAcpA==",
      "requires": {
        "@babel/runtime": "^7.7.2",
        "@jimp/utils": "^0.16.0",
        "bmp-js": "^0.1.0"
      }
    },
    "@jimp/core": {
      "version": "0.16.0",
      "resolved": "https://registry.npmjs.org/@jimp/core/-/core-0.16.0.tgz",
      "integrity": "sha512-7WBYr3BX84fc9tuA86EDhAKNyT9QLcbVYk4whwvshxKtODPxlF1hmZU6Xmx2shoJ62JJtiWLsPsXAHKfEuERtQ==",
      "requires": {
        "@babel/runtime": "^7.7.2",
        "@jimp/utils": "^0.16.0",
        "any-base": "^1.1.0",
        "buffer": "^5.2.0",
        "exif-parser": "^0.1.12",
        "file-type": "^9.0.0",
        "load-bmfont": "^1.3.1",
        "mkdirp": "^0.5.1",
        "phin": "^2.9.1",
        "pixelmatch": "^4.0.2",
        "tinycolor2": "^1.4.1"
      }
    },
    "@jimp/custom": {
      "version": "0.16.0",
      "resolved": "https://registry.npmjs.org/@jimp/custom/-/custom-0.16.0.tgz",
      "integrity": "sha512-xN9WHeW2RP3gLdXdehCgnzKq8l9ezMsfWpkZP0HYtGqwGDSRXx+LNGR2Da1J/tV0pB+qbt67gAXtaxkJwdQ3cA==",
      "requires": {
        "@babel/runtime": "^7.7.2",
        "@jimp/core": "^0.16.0"
      }
    },
    "@jimp/gif": {
      "version": "0.16.0",
      "resolved": "https://registry.npmjs.org/@jimp/gif/-/gif-0.16.0.tgz",
      "integrity": "sha512-thc3C6/dvGKEVTMxiX82ruRAitIx7EstThqzrd0qk7Yf2O3qbrRZuENl6KNn2PXpmkr6fjcfFLWVM39bP4MG1Q==",
      "requires": {
        "@babel/runtime": "^7.7.2",
        "@jimp/utils": "^0.16.0",
        "gifwrap": "^0.9.2",
        "omggif": "^1.0.9"
      }
    },
    "@jimp/jpeg": {
      "version": "0.16.0",
      "resolved": "https://registry.npmjs.org/@jimp/jpeg/-/jpeg-0.16.0.tgz",
      "integrity": "sha512-pzlv92YZi7ySvIICNkB0eMphLztBcTAMH2kl5lxFMzF1FDv2FR2d/FI1ph6DSzBV8VYFDu4AM1lJRq3hFJurgQ==",
      "requires": {
        "@babel/runtime": "^7.7.2",
        "@jimp/utils": "^0.16.0",
        "jpeg-js": "^0.4.0"
      }
    },
    "@jimp/plugin-blit": {
      "version": "0.16.0",
      "resolved": "https://registry.npmjs.org/@jimp/plugin-blit/-/plugin-blit-0.16.0.tgz",
      "integrity": "sha512-CrakcEvr2ztOwECKpuwmwhXArbtDP2SB44WV0wrFXtuss2mkBbL/hIkUmTnLyJGpwIflj4Vww9m5yIreG5lgUQ==",
      "requires": {
        "@babel/runtime": "^7.7.2",
        "@jimp/utils": "^0.16.0"
      }
    },
    "@jimp/plugin-blur": {
      "version": "0.16.0",
      "resolved": "https://registry.npmjs.org/@jimp/plugin-blur/-/plugin-blur-0.16.0.tgz",
      "integrity": "sha512-CfTrQR4JY+DGtGbdAbdZgbUpjOqtcF+kmGOoa1uh3NF16tn1glbE8/0SA9YkgvHxNTmekwuT7Lu0nRq09MKVJw==",
      "requires": {
        "@babel/runtime": "^7.7.2",
        "@jimp/utils": "^0.16.0"
      }
    },
    "@jimp/plugin-circle": {
      "version": "0.16.0",
      "resolved": "https://registry.npmjs.org/@jimp/plugin-circle/-/plugin-circle-0.16.0.tgz",
      "integrity": "sha512-O79288GKwUIxpHR3qyYg0paH/Iegz+Bdo2ePIvD/M3MigEzVdj5dJ/CQXz2cUnJx87rc0k1N5cTI4floIgv0tg==",
      "requires": {
        "@babel/runtime": "^7.7.2",
        "@jimp/utils": "^0.16.0"
      }
    },
    "@jimp/plugin-color": {
      "version": "0.16.0",
      "resolved": "https://registry.npmjs.org/@jimp/plugin-color/-/plugin-color-0.16.0.tgz",
      "integrity": "sha512-S4CbN1r5+VjUF9OBIyWxWBTXRNutLQqAAOkq7QX//lS4HY76eOAafgWWwZR7ci9WWZT8uyyw4tfd4ePoBvoYhw==",
      "requires": {
        "@babel/runtime": "^7.7.2",
        "@jimp/utils": "^0.16.0",
        "tinycolor2": "^1.4.1"
      }
    },
    "@jimp/plugin-contain": {
      "version": "0.16.0",
      "resolved": "https://registry.npmjs.org/@jimp/plugin-contain/-/plugin-contain-0.16.0.tgz",
      "integrity": "sha512-ZAVe9ad0/TDLSPutIP/8Z+jXXOv638w/FZeA3avTAI5GfWV7ZBT6BB7kDI3iZTl+SHUjv/MlzHCS99WCnpc1hg==",
      "requires": {
        "@babel/runtime": "^7.7.2",
        "@jimp/utils": "^0.16.0"
      }
    },
    "@jimp/plugin-cover": {
      "version": "0.16.0",
      "resolved": "https://registry.npmjs.org/@jimp/plugin-cover/-/plugin-cover-0.16.0.tgz",
      "integrity": "sha512-gJGorvc4HOeSR0dNR29mYLLXtrWvgj8da0B/lUJSb0R2AvUrb+VgLKSfFPyf+nL/jtcm9/CJzYhAPcz13zmRKA==",
      "requires": {
        "@babel/runtime": "^7.7.2",
        "@jimp/utils": "^0.16.0"
      }
    },
    "@jimp/plugin-crop": {
      "version": "0.16.0",
      "resolved": "https://registry.npmjs.org/@jimp/plugin-crop/-/plugin-crop-0.16.0.tgz",
      "integrity": "sha512-I5McmdrNodg0iU815qOsuI8CjkwiRsFRTY4/LBOsLGHZasvxhzFxGcwD3SgnohdIkhRc3tX8jfvKg2pdPbD2AA==",
      "requires": {
        "@babel/runtime": "^7.7.2",
        "@jimp/utils": "^0.16.0"
      }
    },
    "@jimp/plugin-displace": {
      "version": "0.16.0",
      "resolved": "https://registry.npmjs.org/@jimp/plugin-displace/-/plugin-displace-0.16.0.tgz",
      "integrity": "sha512-+c5n5jDiN/neAuAxAAy55Gpycgmyay1PwUy8qKM1fgfBE874mrF5C4u1ThFz4OiDkRirKLpncRmrUMHa9boZtA==",
      "requires": {
        "@babel/runtime": "^7.7.2",
        "@jimp/utils": "^0.16.0"
      }
    },
    "@jimp/plugin-dither": {
      "version": "0.16.0",
      "resolved": "https://registry.npmjs.org/@jimp/plugin-dither/-/plugin-dither-0.16.0.tgz",
      "integrity": "sha512-rsLHSGnpWniQXoughYXRCbK/8KKXi+avV5z5mHIKzAKS4areXW03XlLqmy9o26q2h0g/YV5Hkxo9jwIw0v2Fpg==",
      "requires": {
        "@babel/runtime": "^7.7.2",
        "@jimp/utils": "^0.16.0"
      }
    },
    "@jimp/plugin-fisheye": {
      "version": "0.16.0",
      "resolved": "https://registry.npmjs.org/@jimp/plugin-fisheye/-/plugin-fisheye-0.16.0.tgz",
      "integrity": "sha512-P6KsHQHUOWyDprxKl4chPTwKIJNbXB7LGDQH6Bq/q8zZ9XwYXGnTmkHA/BwGKI6HGCj/+R2WoP3Cnhwm6XaIpg==",
      "requires": {
        "@babel/runtime": "^7.7.2",
        "@jimp/utils": "^0.16.0"
      }
    },
    "@jimp/plugin-flip": {
      "version": "0.16.0",
      "resolved": "https://registry.npmjs.org/@jimp/plugin-flip/-/plugin-flip-0.16.0.tgz",
      "integrity": "sha512-5MlqM1RJohk0NU0Z3ZtviI0DqHXDB0OuRk3dimUIquePz1OocFCt9Z4bBbDRIczGZFOrDrCrpHMfMxPjwm7eXw==",
      "requires": {
        "@babel/runtime": "^7.7.2",
        "@jimp/utils": "^0.16.0"
      }
    },
    "@jimp/plugin-gaussian": {
      "version": "0.16.0",
      "resolved": "https://registry.npmjs.org/@jimp/plugin-gaussian/-/plugin-gaussian-0.16.0.tgz",
      "integrity": "sha512-oP2Hg4gR4uq9id1gF+SfTvPrzqZc3fVY+t6gwxPXPgpnb9S5UVuSQbwtixY1EEBC9XRdX2XFko9eUul8dTnUpQ==",
      "requires": {
        "@babel/runtime": "^7.7.2",
        "@jimp/utils": "^0.16.0"
      }
    },
    "@jimp/plugin-invert": {
      "version": "0.16.0",
      "resolved": "https://registry.npmjs.org/@jimp/plugin-invert/-/plugin-invert-0.16.0.tgz",
      "integrity": "sha512-RFsES55G7po6rv35A/3jz7IA1BOr8krX4H0zmtKUprcrhFl+El9iZojVCpJQRJ5QKQVS3iXi5H6EGN7AT1HykQ==",
      "requires": {
        "@babel/runtime": "^7.7.2",
        "@jimp/utils": "^0.16.0"
      }
    },
    "@jimp/plugin-mask": {
      "version": "0.16.0",
      "resolved": "https://registry.npmjs.org/@jimp/plugin-mask/-/plugin-mask-0.16.0.tgz",
      "integrity": "sha512-inJweZgTNYZQdF0m5f/or5/LCLhpz4ccSDsK9HveuFQ82ITfJcvFaUlvlo11pHRl2r+Q92Er7B5g7icMIzXHZw==",
      "requires": {
        "@babel/runtime": "^7.7.2",
        "@jimp/utils": "^0.16.0"
      }
    },
    "@jimp/plugin-normalize": {
      "version": "0.16.0",
      "resolved": "https://registry.npmjs.org/@jimp/plugin-normalize/-/plugin-normalize-0.16.0.tgz",
      "integrity": "sha512-sfqhHDGks0ccqIaTCG/dFJ772eGi8bewxIvrQkeLw5TizzPZ3S+C4GXKwlkX2z5dyQr30cHM5Mv6+XhNNLEHWw==",
      "requires": {
        "@babel/runtime": "^7.7.2",
        "@jimp/utils": "^0.16.0"
      }
    },
    "@jimp/plugin-print": {
      "version": "0.16.0",
      "resolved": "https://registry.npmjs.org/@jimp/plugin-print/-/plugin-print-0.16.0.tgz",
      "integrity": "sha512-tQJfSOTf+las/PJpdUK9Aw9EdComQ50zl29TgMrAULuae1lh+e/A188ZhNQzTCpAAc/PEku8xoke+rYUU1AVig==",
      "requires": {
        "@babel/runtime": "^7.7.2",
        "@jimp/utils": "^0.16.0",
        "load-bmfont": "^1.4.0"
      }
    },
    "@jimp/plugin-resize": {
      "version": "0.16.0",
      "resolved": "https://registry.npmjs.org/@jimp/plugin-resize/-/plugin-resize-0.16.0.tgz",
      "integrity": "sha512-aI5H1Xe1fE1phBBI0EgQiVgMEXJ7cy2CXH+H7WSxnrdZJTnt9emzc4LnvKEOPBY6dCPw3P7k/BHp9SDTpUKSOQ==",
      "requires": {
        "@babel/runtime": "^7.7.2",
        "@jimp/utils": "^0.16.0"
      }
    },
    "@jimp/plugin-rotate": {
      "version": "0.16.0",
      "resolved": "https://registry.npmjs.org/@jimp/plugin-rotate/-/plugin-rotate-0.16.0.tgz",
      "integrity": "sha512-YTKo4LntC2h46H6+De+3ctt8MacC+fTbIdw527BBBIKF44aWYn0uAQlAO+R+Aemnq4YqNnCnrZzPtWYZXA6nNw==",
      "requires": {
        "@babel/runtime": "^7.7.2",
        "@jimp/utils": "^0.16.0"
      }
    },
    "@jimp/plugin-scale": {
      "version": "0.16.0",
      "resolved": "https://registry.npmjs.org/@jimp/plugin-scale/-/plugin-scale-0.16.0.tgz",
      "integrity": "sha512-AfDnTIjBzGdvJ1K7MkUexgkGGAYDzpNzkYoCpfaRNKl/txoivaA6iKfvCiE7i1IDXq5mRCLkjQjMF43l8kwv5g==",
      "requires": {
        "@babel/runtime": "^7.7.2",
        "@jimp/utils": "^0.16.0"
      }
    },
    "@jimp/plugin-shadow": {
      "version": "0.16.0",
      "resolved": "https://registry.npmjs.org/@jimp/plugin-shadow/-/plugin-shadow-0.16.0.tgz",
      "integrity": "sha512-8O1CKwvSnrrAIuAM3BEDTwt4U5oRVB5pXxnRegYXDuFFLDPIp2N4ILQqC2NaN+PBaVvj1JuLYuxmNzja0uRQKQ==",
      "requires": {
        "@babel/runtime": "^7.7.2",
        "@jimp/utils": "^0.16.0"
      }
    },
    "@jimp/plugin-threshold": {
      "version": "0.16.0",
      "resolved": "https://registry.npmjs.org/@jimp/plugin-threshold/-/plugin-threshold-0.16.0.tgz",
      "integrity": "sha512-PNrB6IIF7kDGu7A/cyNAy3pchWtXbJGdpowkW6hcEzXOR+FwBRMuo5LS+q/eedo86qQ2F1vw5dm/nWYJxNxvkg==",
      "requires": {
        "@babel/runtime": "^7.7.2",
        "@jimp/utils": "^0.16.0"
      }
    },
    "@jimp/plugins": {
      "version": "0.16.0",
      "resolved": "https://registry.npmjs.org/@jimp/plugins/-/plugins-0.16.0.tgz",
      "integrity": "sha512-aiyn/9MrSqVJwsnBmkbHD4DWTowULdP4NEes8Vt738KxZMw1UawKbEbj3/CzHIeEIQKjDECTi+jNd5HIbDq9LQ==",
      "requires": {
        "@babel/runtime": "^7.7.2",
        "@jimp/plugin-blit": "^0.16.0",
        "@jimp/plugin-blur": "^0.16.0",
        "@jimp/plugin-circle": "^0.16.0",
        "@jimp/plugin-color": "^0.16.0",
        "@jimp/plugin-contain": "^0.16.0",
        "@jimp/plugin-cover": "^0.16.0",
        "@jimp/plugin-crop": "^0.16.0",
        "@jimp/plugin-displace": "^0.16.0",
        "@jimp/plugin-dither": "^0.16.0",
        "@jimp/plugin-fisheye": "^0.16.0",
        "@jimp/plugin-flip": "^0.16.0",
        "@jimp/plugin-gaussian": "^0.16.0",
        "@jimp/plugin-invert": "^0.16.0",
        "@jimp/plugin-mask": "^0.16.0",
        "@jimp/plugin-normalize": "^0.16.0",
        "@jimp/plugin-print": "^0.16.0",
        "@jimp/plugin-resize": "^0.16.0",
        "@jimp/plugin-rotate": "^0.16.0",
        "@jimp/plugin-scale": "^0.16.0",
        "@jimp/plugin-shadow": "^0.16.0",
        "@jimp/plugin-threshold": "^0.16.0",
        "timm": "^1.6.1"
      }
    },
    "@jimp/png": {
      "version": "0.16.0",
      "resolved": "https://registry.npmjs.org/@jimp/png/-/png-0.16.0.tgz",
      "integrity": "sha512-3uDwCeZRaHTq6Jqjav37n73IGL4vrDkoHLzkC+dAGcSdaKnUnRxD/sO4CBTK1cHttJhsf5Xk/+0dO+qaqIEvNA==",
      "requires": {
        "@babel/runtime": "^7.7.2",
        "@jimp/utils": "^0.16.0",
        "pngjs": "^3.3.3"
      }
    },
    "@jimp/tiff": {
      "version": "0.16.0",
      "resolved": "https://registry.npmjs.org/@jimp/tiff/-/tiff-0.16.0.tgz",
      "integrity": "sha512-wiGgIKGtUwR7vUi+PHv7qzEKhlnqT/k78qtOgsF6PiGhXGevJWBIniD4LksbQaW+Ph1Jwl3ovvYEdS89Db46Bw==",
      "requires": {
        "@babel/runtime": "^7.7.2",
        "utif": "^2.0.1"
      }
    },
    "@jimp/types": {
      "version": "0.16.0",
      "resolved": "https://registry.npmjs.org/@jimp/types/-/types-0.16.0.tgz",
      "integrity": "sha512-T0VBF1HFXZ+Ez48zQ0sxrOpcFbfSzCulaVONWeEi/CqcNv2B7UmiaA81bw9uLGZ40VIOrFYHB20ma0m1asYBvw==",
      "requires": {
        "@babel/runtime": "^7.7.2",
        "@jimp/bmp": "^0.16.0",
        "@jimp/gif": "^0.16.0",
        "@jimp/jpeg": "^0.16.0",
        "@jimp/png": "^0.16.0",
        "@jimp/tiff": "^0.16.0",
        "timm": "^1.6.1"
      }
    },
    "@jimp/utils": {
      "version": "0.16.0",
      "resolved": "https://registry.npmjs.org/@jimp/utils/-/utils-0.16.0.tgz",
      "integrity": "sha512-dZJd5Rq4yOjPtqN/bArNy0v03nnaiHCf/Qct2wdiqK0k4wsfDL2Lle9XmswNcPPFuoL/LNnYY2E5ruAnatF/4A==",
      "requires": {
        "@babel/runtime": "^7.7.2",
        "regenerator-runtime": "^0.13.3"
      }
    },
    "ajv": {
      "version": "6.12.3",
      "resolved": "https://registry.npmjs.org/ajv/-/ajv-6.12.3.tgz",
      "integrity": "sha512-4K0cK3L1hsqk9xIb2z9vs/XU+PGJZ9PNpJRDS9YLzmNdX6jmVPfamLvTJr0aDAusnHyCHO6MjzlkAsgtqp9teA==",
      "requires": {
        "fast-deep-equal": "^3.1.1",
        "fast-json-stable-stringify": "^2.0.0",
        "json-schema-traverse": "^0.4.1",
        "uri-js": "^4.2.2"
      }
    },
    "any-base": {
      "version": "1.1.0",
      "resolved": "https://registry.npmjs.org/any-base/-/any-base-1.1.0.tgz",
      "integrity": "sha512-uMgjozySS8adZZYePpaWs8cxB9/kdzmpX6SgJZ+wbz1K5eYk5QMYDVJaZKhxyIHUdnnJkfR7SVgStgH7LkGUyg=="
    },
    "asn1": {
      "version": "0.2.4",
      "resolved": "https://registry.npmjs.org/asn1/-/asn1-0.2.4.tgz",
      "integrity": "sha512-jxwzQpLQjSmWXgwaCZE9Nz+glAG01yF1QnWgbhGwHI5A6FRIEY6IVqtHhIepHqI7/kyEyQEagBC5mBEFlIYvdg==",
      "requires": {
        "safer-buffer": "~2.1.0"
      }
    },
    "assert-plus": {
      "version": "1.0.0",
      "resolved": "https://registry.npmjs.org/assert-plus/-/assert-plus-1.0.0.tgz",
      "integrity": "sha1-8S4PPF13sLHN2RRpQuTpbB5N1SU="
    },
    "asynckit": {
      "version": "0.4.0",
      "resolved": "https://registry.npmjs.org/asynckit/-/asynckit-0.4.0.tgz",
      "integrity": "sha1-x57Zf380y48robyXkLzDZkdLS3k="
    },
    "aws-sign2": {
      "version": "0.7.0",
      "resolved": "https://registry.npmjs.org/aws-sign2/-/aws-sign2-0.7.0.tgz",
      "integrity": "sha1-tG6JCTSpWR8tL2+G1+ap8bP+dqg="
    },
    "aws4": {
      "version": "1.10.1",
      "resolved": "https://registry.npmjs.org/aws4/-/aws4-1.10.1.tgz",
      "integrity": "sha512-zg7Hz2k5lI8kb7U32998pRRFin7zJlkfezGJjUc2heaD4Pw2wObakCDVzkKztTm/Ln7eiVvYsjqak0Ed4LkMDA=="
    },
    "base64-js": {
      "version": "1.3.1",
      "resolved": "https://registry.npmjs.org/base64-js/-/base64-js-1.3.1.tgz",
      "integrity": "sha512-mLQ4i2QO1ytvGWFWmcngKO//JXAQueZvwEKtjgQFM4jIK0kU+ytMfplL8j+n5mspOfjHwoAg+9yhb7BwAHm36g=="
    },
    "bcrypt-pbkdf": {
      "version": "1.0.2",
      "resolved": "https://registry.npmjs.org/bcrypt-pbkdf/-/bcrypt-pbkdf-1.0.2.tgz",
      "integrity": "sha1-pDAdOJtqQ/m2f/PKEaP2Y342Dp4=",
      "requires": {
        "tweetnacl": "^0.14.3"
      }
    },
    "bignumber.js": {
      "version": "2.4.0",
      "resolved": "https://registry.npmjs.org/bignumber.js/-/bignumber.js-2.4.0.tgz",
      "integrity": "sha1-g4qZLan51zfg9LLbC+YrsJ3Qxeg="
    },
    "bmp-js": {
      "version": "0.1.0",
      "resolved": "https://registry.npmjs.org/bmp-js/-/bmp-js-0.1.0.tgz",
      "integrity": "sha1-4Fpj95amwf8l9Hcex62twUjAcjM="
    },
    "buffer": {
      "version": "5.6.0",
      "resolved": "https://registry.npmjs.org/buffer/-/buffer-5.6.0.tgz",
      "integrity": "sha512-/gDYp/UtU0eA1ys8bOs9J6a+E/KWIY+DZ+Q2WESNUA0jFRsJOc0SNUO6xJ5SGA1xueg3NL65W6s+NY5l9cunuw==",
      "requires": {
        "base64-js": "^1.0.2",
        "ieee754": "^1.1.4"
      }
    },
    "buffer-equal": {
      "version": "0.0.1",
      "resolved": "https://registry.npmjs.org/buffer-equal/-/buffer-equal-0.0.1.tgz",
      "integrity": "sha1-kbx0sR6kBbyRa8aqkI+q+ltKrEs="
    },
    "caseless": {
      "version": "0.12.0",
      "resolved": "https://registry.npmjs.org/caseless/-/caseless-0.12.0.tgz",
      "integrity": "sha1-G2gcIf+EAzyCZUMJBolCDRhxUdw="
    },
    "combined-stream": {
      "version": "1.0.8",
      "resolved": "https://registry.npmjs.org/combined-stream/-/combined-stream-1.0.8.tgz",
      "integrity": "sha512-FQN4MRfuJeHf7cBbBMJFXhKSDq+2kAArBlmRBvcvFE5BB1HZKXtSFASDhdlz9zOYwxh8lDdnvmMOe/+5cdoEdg==",
      "requires": {
        "delayed-stream": "~1.0.0"
      }
    },
    "core-util-is": {
      "version": "1.0.2",
      "resolved": "https://registry.npmjs.org/core-util-is/-/core-util-is-1.0.2.tgz",
      "integrity": "sha1-tf1UIgqivFq1eqtxQMlAdUUDwac="
    },
    "dashdash": {
      "version": "1.14.1",
      "resolved": "https://registry.npmjs.org/dashdash/-/dashdash-1.14.1.tgz",
      "integrity": "sha1-hTz6D3y+L+1d4gMmuN1YEDX24vA=",
      "requires": {
        "assert-plus": "^1.0.0"
      }
    },
    "delayed-stream": {
      "version": "1.0.0",
      "resolved": "https://registry.npmjs.org/delayed-stream/-/delayed-stream-1.0.0.tgz",
      "integrity": "sha1-3zrhmayt+31ECqrgsp4icrJOxhk="
    },
    "dom-walk": {
      "version": "0.1.2",
      "resolved": "https://registry.npmjs.org/dom-walk/-/dom-walk-0.1.2.tgz",
      "integrity": "sha512-6QvTW9mrGeIegrFXdtQi9pk7O/nSK6lSdXW2eqUspN5LWD7UTji2Fqw5V2YLjBpHEoU9Xl/eUWNpDeZvoyOv2w=="
    },
    "ecc-jsbn": {
      "version": "0.1.2",
      "resolved": "https://registry.npmjs.org/ecc-jsbn/-/ecc-jsbn-0.1.2.tgz",
      "integrity": "sha1-OoOpBOVDUyh4dMVkt1SThoSamMk=",
      "requires": {
        "jsbn": "~0.1.0",
        "safer-buffer": "^2.1.0"
      }
    },
    "es6-promise": {
      "version": "3.3.1",
      "resolved": "https://registry.npmjs.org/es6-promise/-/es6-promise-3.3.1.tgz",
      "integrity": "sha1-oIzd6EzNvzTQJ6FFG8kdS80ophM="
    },
    "exif-parser": {
      "version": "0.1.12",
      "resolved": "https://registry.npmjs.org/exif-parser/-/exif-parser-0.1.12.tgz",
      "integrity": "sha1-WKnS1ywCwfbwKg70qRZicrd2CSI="
    },
    "extend": {
      "version": "3.0.2",
      "resolved": "https://registry.npmjs.org/extend/-/extend-3.0.2.tgz",
      "integrity": "sha512-fjquC59cD7CyW6urNXK0FBufkZcoiGG80wTuPujX590cB5Ttln20E2UB4S/WARVqhXffZl2LNgS+gQdPIIim/g=="
    },
    "extsprintf": {
      "version": "1.3.0",
      "resolved": "https://registry.npmjs.org/extsprintf/-/extsprintf-1.3.0.tgz",
      "integrity": "sha1-lpGEQOMEGnpBT4xS48V06zw+HgU="
    },
    "fast-deep-equal": {
      "version": "3.1.3",
      "resolved": "https://registry.npmjs.org/fast-deep-equal/-/fast-deep-equal-3.1.3.tgz",
      "integrity": "sha512-f3qQ9oQy9j2AhBe/H9VC91wLmKBCCU/gDOnKNAYG5hswO7BLKj09Hc5HYNz9cGI++xlpDCIgDaitVs03ATR84Q=="
    },
    "fast-json-stable-stringify": {
      "version": "2.1.0",
      "resolved": "https://registry.npmjs.org/fast-json-stable-stringify/-/fast-json-stable-stringify-2.1.0.tgz",
      "integrity": "sha512-lhd/wF+Lk98HZoTCtlVraHtfh5XYijIjalXck7saUtuanSDyLMxnHhSXEDJqHxD7msR8D0uCmqlkwjCV8xvwHw=="
    },
    "file-type": {
      "version": "9.0.0",
      "resolved": "https://registry.npmjs.org/file-type/-/file-type-9.0.0.tgz",
      "integrity": "sha512-Qe/5NJrgIOlwijpq3B7BEpzPFcgzggOTagZmkXQY4LA6bsXKTUstK7Wp12lEJ/mLKTpvIZxmIuRcLYWT6ov9lw=="
    },
    "forever-agent": {
      "version": "0.6.1",
      "resolved": "https://registry.npmjs.org/forever-agent/-/forever-agent-0.6.1.tgz",
      "integrity": "sha1-+8cfDEGt6zf5bFd60e1C2P2sypE="
    },
    "form-data": {
      "version": "2.3.3",
      "resolved": "https://registry.npmjs.org/form-data/-/form-data-2.3.3.tgz",
      "integrity": "sha512-1lLKB2Mu3aGP1Q/2eCOx0fNbRMe7XdwktwOruhfqqd0rIJWwN4Dh+E3hrPSlDCXnSR7UtZ1N38rVXm+6+MEhJQ==",
      "requires": {
        "asynckit": "^0.4.0",
        "combined-stream": "^1.0.6",
        "mime-types": "^2.1.12"
      }
    },
    "getpass": {
      "version": "0.1.7",
      "resolved": "https://registry.npmjs.org/getpass/-/getpass-0.1.7.tgz",
      "integrity": "sha1-Xv+OPmhNVprkyysSgmBOi6YhSfo=",
      "requires": {
        "assert-plus": "^1.0.0"
      }
    },
    "gifwrap": {
      "version": "0.9.2",
      "resolved": "https://registry.npmjs.org/gifwrap/-/gifwrap-0.9.2.tgz",
      "integrity": "sha512-fcIswrPaiCDAyO8xnWvHSZdWChjKXUanKKpAiWWJ/UTkEi/aYKn5+90e7DE820zbEaVR9CE2y4z9bzhQijZ0BA==",
      "requires": {
        "image-q": "^1.1.1",
        "omggif": "^1.0.10"
      }
    },
    "global": {
      "version": "4.3.2",
      "resolved": "https://registry.npmjs.org/global/-/global-4.3.2.tgz",
      "integrity": "sha1-52mJJopsdMOJCLEwWxD8DjlOnQ8=",
      "requires": {
        "min-document": "^2.19.0",
        "process": "~0.5.1"
      }
    },
    "har-schema": {
      "version": "2.0.0",
      "resolved": "https://registry.npmjs.org/har-schema/-/har-schema-2.0.0.tgz",
      "integrity": "sha1-qUwiJOvKwEeCoNkDVSHyRzW37JI="
    },
    "har-validator": {
      "version": "5.1.5",
      "resolved": "https://registry.npmjs.org/har-validator/-/har-validator-5.1.5.tgz",
      "integrity": "sha512-nmT2T0lljbxdQZfspsno9hgrG3Uir6Ks5afism62poxqBM6sDnMEuPmzTq8XN0OEwqKLLdh1jQI3qyE66Nzb3w==",
      "requires": {
        "ajv": "^6.12.3",
        "har-schema": "^2.0.0"
      }
    },
    "http-signature": {
      "version": "1.2.0",
      "resolved": "https://registry.npmjs.org/http-signature/-/http-signature-1.2.0.tgz",
      "integrity": "sha1-muzZJRFHcvPZW2WmCruPfBj7rOE=",
      "requires": {
        "assert-plus": "^1.0.0",
        "jsprim": "^1.2.2",
        "sshpk": "^1.7.0"
      }
    },
    "ieee754": {
      "version": "1.1.13",
      "resolved": "https://registry.npmjs.org/ieee754/-/ieee754-1.1.13.tgz",
      "integrity": "sha512-4vf7I2LYV/HaWerSo3XmlMkp5eZ83i+/CDluXi/IGTs/O1sejBNhTtnxzmRZfvOUqj7lZjqHkeTvpgSFDlWZTg=="
    },
    "image-q": {
      "version": "1.1.1",
      "resolved": "https://registry.npmjs.org/image-q/-/image-q-1.1.1.tgz",
      "integrity": "sha1-/IQJlmRGC5DKhi2TALa/u7+/gFY="
    },
    "ip-regex": {
      "version": "1.0.3",
      "resolved": "https://registry.npmjs.org/ip-regex/-/ip-regex-1.0.3.tgz",
      "integrity": "sha1-3FiQdvZZ9BnCIgOaMzFvHHOH7/0="
    },
    "is-function": {
      "version": "1.0.2",
      "resolved": "https://registry.npmjs.org/is-function/-/is-function-1.0.2.tgz",
      "integrity": "sha512-lw7DUp0aWXYg+CBCN+JKkcE0Q2RayZnSvnZBlwgxHBQhqt5pZNVy4Ri7H9GmmXkdu7LUthszM+Tor1u/2iBcpQ=="
    },
    "is-plain-obj": {
      "version": "1.1.0",
      "resolved": "https://registry.npmjs.org/is-plain-obj/-/is-plain-obj-1.1.0.tgz",
      "integrity": "sha1-caUMhCnfync8kqOQpKA7OfzVHT4="
    },
    "is-typedarray": {
      "version": "1.0.0",
      "resolved": "https://registry.npmjs.org/is-typedarray/-/is-typedarray-1.0.0.tgz",
      "integrity": "sha1-5HnICFjfDBsR3dppQPlgEfzaSpo="
    },
    "isstream": {
      "version": "0.1.2",
      "resolved": "https://registry.npmjs.org/isstream/-/isstream-0.1.2.tgz",
      "integrity": "sha1-R+Y/evVa+m+S4VAOaQ64uFKcCZo="
    },
    "jimp": {
      "version": "0.16.0",
      "resolved": "https://registry.npmjs.org/jimp/-/jimp-0.16.0.tgz",
      "integrity": "sha512-WRfGlXB6/0xY3mSoskfVhWVNSegVZCgmvunJDc41QthTWi5oRG2FeL7eOcX0zz/Z+dYRu6Q0ibO2yltC+EIptA==",
      "requires": {
        "@babel/runtime": "^7.7.2",
        "@jimp/custom": "^0.16.0",
        "@jimp/plugins": "^0.16.0",
        "@jimp/types": "^0.16.0",
        "regenerator-runtime": "^0.13.3"
      }
    },
    "jpeg-js": {
      "version": "0.4.1",
      "resolved": "https://registry.npmjs.org/jpeg-js/-/jpeg-js-0.4.1.tgz",
      "integrity": "sha512-jA55yJiB5tCXEddos8JBbvW+IMrqY0y1tjjx9KNVtA+QPmu7ND5j0zkKopClpUTsaETL135uOM2XfcYG4XRjmw=="
    },
    "jsbn": {
      "version": "0.1.1",
      "resolved": "https://registry.npmjs.org/jsbn/-/jsbn-0.1.1.tgz",
      "integrity": "sha1-peZUwuWi3rXyAdls77yoDA7y9RM="
    },
    "json-schema": {
      "version": "0.2.3",
      "resolved": "https://registry.npmjs.org/json-schema/-/json-schema-0.2.3.tgz",
      "integrity": "sha1-tIDIkuWaLwWVTOcnvT8qTogvnhM="
    },
    "json-schema-traverse": {
      "version": "0.4.1",
      "resolved": "https://registry.npmjs.org/json-schema-traverse/-/json-schema-traverse-0.4.1.tgz",
      "integrity": "sha512-xbbCH5dCYU5T8LcEhhuh7HJ88HXuW3qsI3Y0zOZFKfZEHcpWiHU/Jxzk629Brsab/mMiHQti9wMP+845RPe3Vg=="
    },
    "json-stringify-safe": {
      "version": "5.0.1",
      "resolved": "https://registry.npmjs.org/json-stringify-safe/-/json-stringify-safe-5.0.1.tgz",
      "integrity": "sha1-Epai1Y/UXxmg9s4B1lcB4sc1tus="
    },
    "jsprim": {
      "version": "1.4.1",
      "resolved": "https://registry.npmjs.org/jsprim/-/jsprim-1.4.1.tgz",
      "integrity": "sha1-MT5mvB5cwG5Di8G3SZwuXFastqI=",
      "requires": {
        "assert-plus": "1.0.0",
        "extsprintf": "1.3.0",
        "json-schema": "0.2.3",
        "verror": "1.10.0"
      }
    },
    "load-bmfont": {
      "version": "1.4.1",
      "resolved": "https://registry.npmjs.org/load-bmfont/-/load-bmfont-1.4.1.tgz",
      "integrity": "sha512-8UyQoYmdRDy81Brz6aLAUhfZLwr5zV0L3taTQ4hju7m6biuwiWiJXjPhBJxbUQJA8PrkvJ/7Enqmwk2sM14soA==",
      "requires": {
        "buffer-equal": "0.0.1",
        "mime": "^1.3.4",
        "parse-bmfont-ascii": "^1.0.3",
        "parse-bmfont-binary": "^1.0.5",
        "parse-bmfont-xml": "^1.1.4",
        "phin": "^2.9.1",
        "xhr": "^2.0.1",
        "xtend": "^4.0.0"
      }
    },
    "merge-img": {
      "version": "2.1.3",
      "resolved": "https://registry.npmjs.org/merge-img/-/merge-img-2.1.3.tgz",
      "integrity": "sha512-PA8caQPleTulKV7s2CXGvzTPxVoT5wkFCB0jf0RVzIYG+job08wibDA9lMYlpcHjCOvup3p1UPk1JgTwgJnu6g==",
      "requires": {
        "is-plain-obj": "^1.1.0",
        "jimp": "0.2.27"
      },
      "dependencies": {
        "bmp-js": {
          "version": "0.0.1",
          "resolved": "https://registry.npmjs.org/bmp-js/-/bmp-js-0.0.1.tgz",
          "integrity": "sha1-WtAUcJnROp84qnuZrx1ueGZu038="
        },
        "file-type": {
          "version": "3.9.0",
          "resolved": "https://registry.npmjs.org/file-type/-/file-type-3.9.0.tgz",
          "integrity": "sha1-JXoHg4TR24CHvESdEH1SpSZyuek="
        },
        "jimp": {
          "version": "0.2.27",
          "resolved": "https://registry.npmjs.org/jimp/-/jimp-0.16.0.tgz",
          "integrity": "sha1-Qe9Qgti2MgHVR0fgT+i8rLryVHQ=",
          "requires": {
            "bignumber.js": "^2.1.0",
            "bmp-js": "0.0.1",
            "es6-promise": "^3.0.2",
            "exif-parser": "^0.1.9",
            "file-type": "^3.1.0",
            "jpeg-js": "^0.2.0",
            "load-bmfont": "^1.2.3",
            "mime": "^1.3.4",
            "pixelmatch": "^4.0.0",
            "pngjs": "^3.0.0",
            "read-chunk": "^1.0.1",
            "request": "^2.65.0",
            "stream-to-buffer": "^0.1.0",
            "tinycolor2": "^1.1.2",
            "url-regex": "^3.0.0"
          }
        },
        "jpeg-js": {
          "version": "0.2.0",
          "resolved": "https://registry.npmjs.org/jpeg-js/-/jpeg-js-0.2.0.tgz",
          "integrity": "sha1-U+RI7J0mPmgyZkZ+lELSxaLvVII="
        }
      }
    },
    "mime": {
      "version": "1.6.0",
      "resolved": "https://registry.npmjs.org/mime/-/mime-1.6.0.tgz",
      "integrity": "sha512-x0Vn8spI+wuJ1O6S7gnbaQg8Pxh4NNHb7KSINmEWKiPE4RKOplvijn+NkmYmmRgP68mc70j2EbeTFRsrswaQeg=="
    },
    "mime-db": {
      "version": "1.44.0",
      "resolved": "https://registry.npmjs.org/mime-db/-/mime-db-1.44.0.tgz",
      "integrity": "sha512-/NOTfLrsPBVeH7YtFPgsVWveuL+4SjjYxaQ1xtM1KMFj7HdxlBlxeyNLzhyJVx7r4rZGJAZ/6lkKCitSc/Nmpg=="
    },
    "mime-types": {
      "version": "2.1.27",
      "resolved": "https://registry.npmjs.org/mime-types/-/mime-types-2.1.27.tgz",
      "integrity": "sha512-JIhqnCasI9yD+SsmkquHBxTSEuZdQX5BuQnS2Vc7puQQQ+8yiP5AY5uWhpdv4YL4VM5c6iliiYWPgJ/nJQLp7w==",
      "requires": {
        "mime-db": "1.44.0"
      }
    },
    "min-document": {
      "version": "2.19.0",
      "resolved": "https://registry.npmjs.org/min-document/-/min-document-2.19.0.tgz",
      "integrity": "sha1-e9KC4/WELtKVu3SM3Z8f+iyCRoU=",
      "requires": {
        "dom-walk": "^0.1.0"
      }
    },
    "minimist": {
      "version": "1.2.5",
      "resolved": "https://registry.npmjs.org/minimist/-/minimist-1.2.5.tgz",
      "integrity": "sha512-FM9nNUYrRBAELZQT3xeZQ7fmMOBg6nWNmJKTcgsJeaLstP/UODVpGsr5OhXhhXg6f+qtJ8uiZ+PUxkDWcgIXLw=="
    },
    "mkdirp": {
      "version": "0.5.5",
      "resolved": "https://registry.npmjs.org/mkdirp/-/mkdirp-0.5.5.tgz",
      "integrity": "sha512-NKmAlESf6jMGym1++R0Ra7wvhV+wFW63FaSOFPwRahvea0gMUcGUhVeAg/0BC0wiv9ih5NYPB1Wn1UEI1/L+xQ==",
      "requires": {
        "minimist": "^1.2.5"
      }
    },
    "oauth-sign": {
      "version": "0.9.0",
      "resolved": "https://registry.npmjs.org/oauth-sign/-/oauth-sign-0.9.0.tgz",
      "integrity": "sha512-fexhUFFPTGV8ybAtSIGbV6gOkSv8UtRbDBnAyLQw4QPKkgNlsH2ByPGtMUqdWkos6YCRmAqViwgZrJc/mRDzZQ=="
    },
    "omggif": {
      "version": "1.0.10",
      "resolved": "https://registry.npmjs.org/omggif/-/omggif-1.0.10.tgz",
      "integrity": "sha512-LMJTtvgc/nugXj0Vcrrs68Mn2D1r0zf630VNtqtpI1FEO7e+O9FP4gqs9AcnBaSEeoHIPm28u6qgPR0oyEpGSw=="
    },
    "pako": {
      "version": "1.0.11",
      "resolved": "https://registry.npmjs.org/pako/-/pako-1.0.11.tgz",
      "integrity": "sha512-4hLB8Py4zZce5s4yd9XzopqwVv/yGNhV1Bl8NTmCq1763HeK2+EwVTv+leGeL13Dnh2wfbqowVPXCIO0z4taYw=="
    },
    "parse-bmfont-ascii": {
      "version": "1.0.6",
      "resolved": "https://registry.npmjs.org/parse-bmfont-ascii/-/parse-bmfont-ascii-1.0.6.tgz",
      "integrity": "sha1-Eaw8P/WPfCAgqyJ2kHkQjU36AoU="
    },
    "parse-bmfont-binary": {
      "version": "1.0.6",
      "resolved": "https://registry.npmjs.org/parse-bmfont-binary/-/parse-bmfont-binary-1.0.6.tgz",
      "integrity": "sha1-0Di0dtPp3Z2x4RoLDlOiJ5K2kAY="
    },
    "parse-bmfont-xml": {
      "version": "1.1.4",
      "resolved": "https://registry.npmjs.org/parse-bmfont-xml/-/parse-bmfont-xml-1.1.4.tgz",
      "integrity": "sha512-bjnliEOmGv3y1aMEfREMBJ9tfL3WR0i0CKPj61DnSLaoxWR3nLrsQrEbCId/8rF4NyRF0cCqisSVXyQYWM+mCQ==",
      "requires": {
        "xml-parse-from-string": "^1.0.0",
        "xml2js": "^0.4.5"
      }
    },
    "parse-headers": {
      "version": "2.0.3",
      "resolved": "https://registry.npmjs.org/parse-headers/-/parse-headers-2.0.3.tgz",
      "integrity": "sha512-QhhZ+DCCit2Coi2vmAKbq5RGTRcQUOE2+REgv8vdyu7MnYx2eZztegqtTx99TZ86GTIwqiy3+4nQTWZ2tgmdCA=="
    },
    "performance-now": {
      "version": "2.1.0",
      "resolved": "https://registry.npmjs.org/performance-now/-/performance-now-2.1.0.tgz",
      "integrity": "sha1-Ywn04OX6kT7BxpMHrjZLSzd8nns="
    },
    "phin": {
      "version": "2.9.3",
      "resolved": "https://registry.npmjs.org/phin/-/phin-2.9.3.tgz",
      "integrity": "sha512-CzFr90qM24ju5f88quFC/6qohjC144rehe5n6DH900lgXmUe86+xCKc10ev56gRKC4/BkHUoG4uSiQgBiIXwDA=="
    },
    "pixelmatch": {
      "version": "4.0.2",
      "resolved": "https://registry.npmjs.org/pixelmatch/-/pixelmatch-4.0.2.tgz",
      "integrity": "sha1-j0fc7FARtHe2fbA8JDvB8wheiFQ=",
      "requires": {
        "pngjs": "^3.0.0"
      }
    },
    "pngjs": {
      "version": "3.4.0",
      "resolved": "https://registry.npmjs.org/pngjs/-/pngjs-3.4.0.tgz",
      "integrity": "sha512-NCrCHhWmnQklfH4MtJMRjZ2a8c80qXeMlQMv2uVp9ISJMTt562SbGd6n2oq0PaPgKm7Z6pL9E2UlLIhC+SHL3w=="
    },
    "process": {
      "version": "0.5.2",
      "resolved": "https://registry.npmjs.org/process/-/process-0.5.2.tgz",
      "integrity": "sha1-FjjYqONML0QKkduVq5rrZ3/Bhc8="
    },
    "psl": {
      "version": "1.8.0",
      "resolved": "https://registry.npmjs.org/psl/-/psl-1.8.0.tgz",
      "integrity": "sha512-RIdOzyoavK+hA18OGGWDqUTsCLhtA7IcZ/6NCs4fFJaHBDab+pDDmDIByWFRQJq2Cd7r1OoQxBGKOaztq+hjIQ=="
    },
    "punycode": {
      "version": "2.1.1",
      "resolved": "https://registry.npmjs.org/punycode/-/punycode-2.1.1.tgz",
      "integrity": "sha512-XRsRjdf+j5ml+y/6GKHPZbrF/8p2Yga0JPtdqTIY2Xe5ohJPD9saDJJLPvp9+NSBprVvevdXZybnj2cv8OEd0A=="
    },
    "qs": {
      "version": "6.5.2",
      "resolved": "https://registry.npmjs.org/qs/-/qs-6.5.2.tgz",
      "integrity": "sha512-N5ZAX4/LxJmF+7wN74pUD6qAh9/wnvdQcjq9TZjevvXzSUo7bfmw91saqMjzGS2xq91/odN2dW/WOl7qQHNDGA=="
    },
    "read-chunk": {
      "version": "1.0.1",
      "resolved": "https://registry.npmjs.org/read-chunk/-/read-chunk-1.0.1.tgz",
      "integrity": "sha1-X2jKswfmY/GZk1J9m1icrORmEZQ="
    },
    "regenerator-runtime": {
      "version": "0.13.7",
      "resolved": "https://registry.npmjs.org/regenerator-runtime/-/regenerator-runtime-0.13.7.tgz",
      "integrity": "sha512-a54FxoJDIr27pgf7IgeQGxmqUNYrcV338lf/6gH456HZ/PhX+5BcwHXG9ajESmwe6WRO0tAzRUrRmNONWgkrew=="
    },
    "request": {
      "version": "2.88.2",
      "resolved": "https://registry.npmjs.org/request/-/request-2.88.2.tgz",
      "integrity": "sha512-MsvtOrfG9ZcrOwAW+Qi+F6HbD0CWXEh9ou77uOb7FM2WPhwT7smM833PzanhJLsgXjN89Ir6V2PczXNnMpwKhw==",
      "requires": {
        "aws-sign2": "~0.7.0",
        "aws4": "^1.8.0",
        "caseless": "~0.12.0",
        "combined-stream": "~1.0.6",
        "extend": "~3.0.2",
        "forever-agent": "~0.6.1",
        "form-data": "~2.3.2",
        "har-validator": "~5.1.3",
        "http-signature": "~1.2.0",
        "is-typedarray": "~1.0.0",
        "isstream": "~0.1.2",
        "json-stringify-safe": "~5.0.1",
        "mime-types": "~2.1.19",
        "oauth-sign": "~0.9.0",
        "performance-now": "^2.1.0",
        "qs": "~6.5.2",
        "safe-buffer": "^5.1.2",
        "tough-cookie": "~2.5.0",
        "tunnel-agent": "^0.6.0",
        "uuid": "^3.3.2"
      }
    },
    "safe-buffer": {
      "version": "5.2.1",
      "resolved": "https://registry.npmjs.org/safe-buffer/-/safe-buffer-5.2.1.tgz",
      "integrity": "sha512-rp3So07KcdmmKbGvgaNxQSJr7bGVSVk5S9Eq1F+ppbRo70+YeaDxkw5Dd8NPN+GD6bjnYm2VuPuCXmpuYvmCXQ=="
    },
    "safer-buffer": {
      "version": "2.1.2",
      "resolved": "https://registry.npmjs.org/safer-buffer/-/safer-buffer-2.1.2.tgz",
      "integrity": "sha512-YZo3K82SD7Riyi0E1EQPojLz7kpepnSQI9IyPbHHg1XXXevb5dJI7tpyN2ADxGcQbHG7vcyRHk0cbwqcQriUtg=="
    },
    "sax": {
      "version": "1.2.4",
      "resolved": "https://registry.npmjs.org/sax/-/sax-1.2.4.tgz",
      "integrity": "sha512-NqVDv9TpANUjFm0N8uM5GxL36UgKi9/atZw+x7YFnQ8ckwFGKrl4xX4yWtrey3UJm5nP1kUbnYgLopqWNSRhWw=="
    },
    "sshpk": {
      "version": "1.16.1",
      "resolved": "https://registry.npmjs.org/sshpk/-/sshpk-1.16.1.tgz",
      "integrity": "sha512-HXXqVUq7+pcKeLqqZj6mHFUMvXtOJt1uoUx09pFW6011inTMxqI8BA8PM95myrIyyKwdnzjdFjLiE6KBPVtJIg==",
      "requires": {
        "asn1": "~0.2.3",
        "assert-plus": "^1.0.0",
        "bcrypt-pbkdf": "^1.0.0",
        "dashdash": "^1.12.0",
        "ecc-jsbn": "~0.1.1",
        "getpass": "^0.1.1",
        "jsbn": "~0.1.0",
        "safer-buffer": "^2.0.2",
        "tweetnacl": "~0.14.0"
      }
    },
    "stream-to": {
      "version": "0.2.2",
      "resolved": "https://registry.npmjs.org/stream-to/-/stream-to-0.2.2.tgz",
      "integrity": "sha1-hDBgmNhf25kLn6MAsbPM9V6O8B0="
    },
    "stream-to-buffer": {
      "version": "0.1.0",
      "resolved": "https://registry.npmjs.org/stream-to-buffer/-/stream-to-buffer-0.1.0.tgz",
      "integrity": "sha1-JnmdkDqyAlyb1VCsRxcbAPjdgKk=",
      "requires": {
        "stream-to": "~0.2.0"
      }
    },
    "timm": {
      "version": "1.6.2",
      "resolved": "https://registry.npmjs.org/timm/-/timm-1.6.2.tgz",
      "integrity": "sha512-IH3DYDL1wMUwmIlVmMrmesw5lZD6N+ZOAFWEyLrtpoL9Bcrs9u7M/vyOnHzDD2SMs4irLkVjqxZbHrXStS/Nmw=="
    },
    "tinycolor2": {
      "version": "1.4.1",
      "resolved": "https://registry.npmjs.org/tinycolor2/-/tinycolor2-1.4.1.tgz",
      "integrity": "sha1-9PrTM0R7wLB9TcjpIJ2POaisd+g="
    },
    "tough-cookie": {
      "version": "2.5.0",
      "resolved": "https://registry.npmjs.org/tough-cookie/-/tough-cookie-2.5.0.tgz",
      "integrity": "sha512-nlLsUzgm1kfLXSXfRZMc1KLAugd4hqJHDTvc2hDIwS3mZAfMEuMbc03SujMF+GEcpaX/qboeycw6iO8JwVv2+g==",
      "requires": {
        "psl": "^1.1.28",
        "punycode": "^2.1.1"
      }
    },
    "tunnel-agent": {
      "version": "0.6.0",
      "resolved": "https://registry.npmjs.org/tunnel-agent/-/tunnel-agent-0.6.0.tgz",
      "integrity": "sha1-J6XeoGs2sEoKmWZ3SykIaPD8QP0=",
      "requires": {
        "safe-buffer": "^5.0.1"
      }
    },
    "tweetnacl": {
      "version": "0.14.5",
      "resolved": "https://registry.npmjs.org/tweetnacl/-/tweetnacl-0.14.5.tgz",
      "integrity": "sha1-WuaBd/GS1EViadEIr6k/+HQ/T2Q="
    },
    "unidecode-plus": {
      "version": "1.0.2",
      "resolved": "https://registry.npmjs.org/unidecode-plus/-/unidecode-plus-1.0.2.tgz",
      "integrity": "sha512-QUdPui0vJ904PPhOkrWYPKYqMLIw++EMrpHLw5TWbdMzDOJSgjV7dN3+gRZjLljDT/KI8U32VgEL12r5bOP2Xg=="
    },
    "uri-js": {
      "version": "4.2.2",
      "resolved": "https://registry.npmjs.org/uri-js/-/uri-js-4.2.2.tgz",
      "integrity": "sha512-KY9Frmirql91X2Qgjry0Wd4Y+YTdrdZheS8TFwvkbLWf/G5KNJDCh6pKL5OZctEW4+0Baa5idK2ZQuELRwPznQ==",
      "requires": {
        "punycode": "^2.1.0"
      }
    },
    "url-regex": {
      "version": "3.2.0",
      "resolved": "https://registry.npmjs.org/url-regex/-/url-regex-3.2.0.tgz",
      "integrity": "sha1-260eDJ4p4QXdCx8J9oYvf9tIJyQ=",
      "requires": {
        "ip-regex": "^1.0.1"
      }
    },
    "utif": {
      "version": "2.0.1",
      "resolved": "https://registry.npmjs.org/utif/-/utif-2.0.1.tgz",
      "integrity": "sha512-Z/S1fNKCicQTf375lIP9G8Sa1H/phcysstNrrSdZKj1f9g58J4NMgb5IgiEZN9/nLMPDwF0W7hdOe9Qq2IYoLg==",
      "requires": {
        "pako": "^1.0.5"
      }
    },
    "uuid": {
      "version": "3.4.0",
      "resolved": "https://registry.npmjs.org/uuid/-/uuid-3.4.0.tgz",
      "integrity": "sha512-HjSDRw6gZE5JMggctHBcjVak08+KEVhSIiDzFnT9S9aegmp85S/bReBVTb4QTFaRNptJ9kuYaNhnbNEOkbKb/A=="
    },
    "verror": {
      "version": "1.10.0",
      "resolved": "https://registry.npmjs.org/verror/-/verror-1.10.0.tgz",
      "integrity": "sha1-OhBcoXBTr1XW4nDB+CiGguGNpAA=",
      "requires": {
        "assert-plus": "^1.0.0",
        "core-util-is": "1.0.2",
        "extsprintf": "^1.2.0"
      }
    },
    "xhr": {
      "version": "2.5.0",
      "resolved": "https://registry.npmjs.org/xhr/-/xhr-2.5.0.tgz",
      "integrity": "sha512-4nlO/14t3BNUZRXIXfXe+3N6w3s1KoxcJUUURctd64BLRe67E4gRwp4PjywtDY72fXpZ1y6Ch0VZQRY/gMPzzQ==",
      "requires": {
        "global": "~4.3.0",
        "is-function": "^1.0.1",
        "parse-headers": "^2.0.0",
        "xtend": "^4.0.0"
      }
    },
    "xml-parse-from-string": {
      "version": "1.0.1",
      "resolved": "https://registry.npmjs.org/xml-parse-from-string/-/xml-parse-from-string-1.0.1.tgz",
      "integrity": "sha1-qQKekp09vN7RafPG4oI42VpdWig="
    },
    "xml2js": {
      "version": "0.4.23",
      "resolved": "https://registry.npmjs.org/xml2js/-/xml2js-0.4.23.tgz",
      "integrity": "sha512-ySPiMjM0+pLDftHgXY4By0uswI3SPKLDw/i3UXbnO8M/p28zqexCUoPmQFrYD+/1BzhGJSs2i1ERWKJAtiLrug==",
      "requires": {
        "sax": ">=0.6.0",
        "xmlbuilder": "~11.0.0"
      }
    },
    "xmlbuilder": {
      "version": "11.0.1",
      "resolved": "https://registry.npmjs.org/xmlbuilder/-/xmlbuilder-11.0.1.tgz",
      "integrity": "sha512-fDlsI/kFEx7gLvbecc0/ohLG50fugQp8ryHzMTuW9vSa1GJ0XYWKnhsUx7oie3G98+r56aTQIUB4kht42R3JvA=="
    },
    "xtend": {
      "version": "4.0.2",
      "resolved": "https://registry.npmjs.org/xtend/-/xtend-4.0.2.tgz",
      "integrity": "sha512-LKYU1iAXJXUgAXn9URjiu+MWhyUXHsvfp7mcuYm9dSUKK0/CjtrUwFAxD82/mCWbtLsGjFIad0wIsod4zrTAEQ=="
    }
  }
}
